
Microsoft Visual Studio Solution File, Format Version 12.00
# Visual Studio 15
VisualStudioVersion = 15.0.28307.168
MinimumVisualStudioVersion = 10.0.40219.1
Project("{FAE04EC0-301F-11D3-BF4B-00C04F79EFBC}") = "ExpensesAPI", "ExpensesAPI\ExpensesAPI.csproj", "{C9D20B7E-B6A9-4866-93C2-6CBC463FCA9F}"
EndProject
Global
	GlobalSection(SolutionConfigurationPlatforms) = preSolution
		Debug|Any CPU = Debug|Any CPU
		Release|Any CPU = Release|Any CPU
	EndGlobalSection
	GlobalSection(ProjectConfigurationPlatforms) = postSolution
		{C9D20B7E-B6A9-4866-93C2-6CBC463FCA9F}.Debug|Any CPU.ActiveCfg = Debug|Any CPU
		{C9D20B7E-B6A9-4866-93C2-6CBC463FCA9F}.Debug|Any CPU.Build.0 = Debug|Any CPU
		{C9D20B7E-B6A9-4866-93C2-6CBC463FCA9F}.Release|Any CPU.ActiveCfg = Release|Any CPU
		{C9D20B7E-B6A9-4866-93C2-6CBC463FCA9F}.Release|Any CPU.Build.0 = Release|Any CPU
	EndGlobalSection
	GlobalSection(SolutionProperties) = preSolution
		HideSolutionNode = FALSE
	EndGlobalSection
	GlobalSection(ExtensibilityGlobals) = postSolution
		SolutionGuid = {1E9256D8-07C3-4092-8678-8FC628A2DF61}
	EndGlobalSection
EndGlobal
